bitbucket.org/liamstask/goose v0.0.0-20150115234039-8488cc47d90c h1:bkb2NMGo3/Du52wvYj9Whth5KZfMV6d3O0Vbr3nz/UE=
bitbucket.org/liamstask/goose v0.0.0-20150115234039-8488cc47d90c/go.mod h1:hSVuE3qU7grINVSwrmzHfpg9k87ALBk+XaualNyUzI4=
cloud.google.com/go v0.26.0/go.mod h1:aQUYkXzVsufM+DwF1aE+0xfcU+56JwCaLick0ClmMTw=
cloud.google.com/go v0.110.0 h1:Zc8gqp3+a9/Eyph2KDmcGaPtbKRIoqq4YTlL4NMD0Ys=
cloud.google.com/go/accessapproval v1.6.0 h1:x0cEHro/JFPd7eS4BlEWNTMecIj2HdXjOVB5BtvwER0=
cloud.google.com/go/accesscontextmanager v1.7.0 h1:MG60JgnEoawHJrbWw0jGdv6HLNSf6gQvYRiXpuzqgEA=
cloud.google.com/go/aiplatform v1.37.0 h1:zTw+suCVchgZyO+k847wjzdVjWmrAuehxdvcZvJwfGg=
cloud.google.com/go/analytics v0.19.0 h1:LqAo3tAh2FU9+w/r7vc3hBjU23Kv7GhO/PDIW7kIYgM=
cloud.google.com/go/apigateway v1.5.0 h1:ZI9mVO7x3E9RK/BURm2p1aw9YTBSCQe3klmyP1WxWEg=
cloud.google.com/go/apigeeconnect v1.5.0 h1:sWOmgDyAsi1AZ48XRHcATC0tsi9SkPT7DA/+VCfkaeA=
cloud.google.com/go/apigeeregistry v0.6.0 h1:E43RdhhCxdlV+I161gUY2rI4eOaMzHTA5kNkvRsFXvc=
cloud.google.com/go/apikeys v0.6.0 h1:B9CdHFZTFjVti89tmyXXrO+7vSNo2jvZuHG8zD5trdQ=
cloud.google.com/go/appengine v1.7.1 h1:aBGDKmRIaRRoWJ2tAoN0oVSHoWLhtO9aj/NvUyP4aYs=
cloud.google.com/go/area120 v0.7.1 h1:ugckkFh4XkHJMPhTIx0CyvdoBxmOpMe8rNs4Ok8GAag=
cloud.google.com/go/artifactregistry v1.13.0 h1:o1Q80vqEB6Qp8WLEH3b8FBLNUCrGQ4k5RFj0sn/sgO8=
cloud.google.com/go/asset v1.13.0 h1:YAsssO08BqZ6mncbb6FPlj9h6ACS7bJQUOlzciSfbNk=
cloud.google.com/go/assuredworkloads v1.10.0 h1:VLGnVFta+N4WM+ASHbhc14ZOItOabDLH1MSoDv+Xuag=
cloud.google.com/go/automl v1.12.0 h1:50VugllC+U4IGl3tDNcZaWvApHBTrn/TvyHDJ0wM+Uw=
cloud.google.com/go/baremetalsolution v0.5.0 h1:2AipdYXL0VxMboelTTw8c1UJ7gYu35LZYUbuRv9Q28s=
cloud.google.com/go/batch v0.7.0 h1:YbMt0E6BtqeD5FvSv1d56jbVsWEzlGm55lYte+M6Mzs=
cloud.google.com/go/beyondcorp v0.5.0 h1:UkY2BTZkEUAVrgqnSdOJ4p3y9ZRBPEe1LkjgC8Bj/Pc=
cloud.google.com/go/bigquery v1.50.0 h1:RscMV6LbnAmhAzD893Lv9nXXy2WCaJmbxYPWDLbGqNQ=
cloud.google.com/go/billing v1.13.0 h1:JYj28UYF5w6VBAh0gQYlgHJ/OD1oA+JgW29YZQU+UHM=
cloud.google.com/go/binaryauthorization v1.5.0 h1:d3pMDBCCNivxt5a4eaV7FwL7cSH0H7RrEnFrTb1QKWs=
cloud.google.com/go/certificatemanager v1.6.0 h1:5C5UWeSt8Jkgp7OWn2rCkLmYurar/vIWIoSQ2+LaTOc=
cloud.google.com/go/channel v1.12.0 h1:GpcQY5UJKeOekYgsX3QXbzzAc/kRGtBq43fTmyKe6Uw=
cloud.google.com/go/cloudbuild v1.9.0 h1:GHQCjV4WlPPVU/j3Rlpc8vNIDwThhd1U9qSY/NPZdko=
cloud.google.com/go/clouddms v1.5.0 h1:E7v4TpDGUyEm1C/4KIrpVSOCTm0P6vWdHT0I4mostRA=
cloud.google.com/go/cloudtasks v1.10.0 h1:uK5k6abf4yligFgYFnG0ni8msai/dSv6mDmiBulU0hU=
cloud.google.com/go/compute v1.19.1 h1:am86mquDUgjGNWxiGn+5PGLbmgiWXlE/yNWpIpNvuXY=
cloud.google.com/go/compute/metadata v0.2.3 h1:mg4jlk7mCAj6xXp9UJ4fjI9VUI5rubuGBW5aJ7UnBMY=
cloud.google.com/go/contactcenterinsights v1.6.0 h1:jXIpfcH/VYSE1SYcPzO0n1VVb+sAamiLOgCw45JbOQk=
cloud.google.com/go/container v1.15.0 h1:NKlY/wCDapfVZlbVVaeuu2UZZED5Dy1z4Zx1KhEzm8c=
cloud.google.com/go/containeranalysis v0.9.0 h1:EQ4FFxNaEAg8PqQCO7bVQfWz9NVwZCUKaM1b3ycfx3U=
cloud.google.com/go/datacatalog v1.13.0 h1:4H5IJiyUE0X6ShQBqgFFZvGGcrwGVndTwUSLP4c52gw=
cloud.google.com/go/dataflow v0.8.0 h1:eYyD9o/8Nm6EttsKZaEGD84xC17bNgSKCu0ZxwqUbpg=
cloud.google.com/go/dataform v0.7.0 h1:Dyk+fufup1FR6cbHjFpMuP4SfPiF3LI3JtoIIALoq48=
cloud.google.com/go/datafusion v1.6.0 h1:sZjRnS3TWkGsu1LjYPFD/fHeMLZNXDK6PDHi2s2s/bk=
cloud.google.com/go/datalabeling v0.7.0 h1:ch4qA2yvddGRUrlfwrNJCr79qLqhS9QBwofPHfFlDIk=
cloud.google.com/go/dataplex v1.6.0 h1:RvoZ5T7gySwm1CHzAw7yY1QwwqaGswunmqEssPxU/AM=
cloud.google.com/go/dataproc v1.12.0 h1:W47qHL3W4BPkAIbk4SWmIERwsWBaNnWm0P2sdx3YgGU=
cloud.google.com/go/dataqna v0.7.0 h1:yFzi/YU4YAdjyo7pXkBE2FeHbgz5OQQBVDdbErEHmVQ=
cloud.google.com/go/datastore v1.11.0 h1:iF6I/HaLs3Ado8uRKMvZRvF/ZLkWaWE9i8AiHzbC774=
cloud.google.com/go/datastream v1.7.0 h1:BBCBTnWMDwwEzQQmipUXxATa7Cm7CA/gKjKcR2w35T0=
cloud.google.com/go/deploy v1.8.0 h1:otshdKEbmsi1ELYeCKNYppwV0UH5xD05drSdBm7ouTk=
cloud.google.com/go/dialogflow v1.32.0 h1:uVlKKzp6G/VtSW0E7IH1Y5o0H48/UOCmqksG2riYCwQ=
cloud.google.com/go/dlp v1.9.0 h1:1JoJqezlgu6NWCroBxr4rOZnwNFILXr4cB9dMaSKO4A=
cloud.google.com/go/documentai v1.18.0 h1:KM3Xh0QQyyEdC8Gs2vhZfU+rt6OCPF0dwVwxKgLmWfI=
cloud.google.com/go/domains v0.8.0 h1:2ti/o9tlWL4N+wIuWUNH+LbfgpwxPr8J1sv9RHA4bYQ=
cloud.google.com/go/edgecontainer v1.0.0 h1:O0YVE5v+O0Q/ODXYsQHmHb+sYM8KNjGZw2pjX2Ws41c=
cloud.google.com/go/errorreporting v0.3.0 h1:kj1XEWMu8P0qlLhm3FwcaFsUvXChV/OraZwA70trRR0=
cloud.google.com/go/essentialcontacts v1.5.0 h1:gIzEhCoOT7bi+6QZqZIzX1Erj4SswMPIteNvYVlu+pM=
cloud.google.com/go/eventarc v1.11.0 h1:fsJmNeqvqtk74FsaVDU6cH79lyZNCYP8Rrv7EhaB/PU=
cloud.google.com/go/filestore v1.6.0 h1:ckTEXN5towyTMu4q0uQ1Mde/JwTHur0gXs8oaIZnKfw=
cloud.google.com/go/firestore v1.9.0 h1:IBlRyxgGySXu5VuW0RgGFlTtLukSnNkpDiEOMkQkmpA=
cloud.google.com/go/functions v1.13.0 h1:pPDqtsXG2g9HeOQLoquLbmvmb82Y4Ezdo1GXuotFoWg=
cloud.google.com/go/gaming v1.9.0 h1:7vEhFnZmd931Mo7sZ6pJy7uQPDxF7m7v8xtBheG08tc=
cloud.google.com/go/gkebackup v0.4.0 h1:za3QZvw6ujR0uyqkhomKKKNoXDyqYGPJies3voUK8DA=
cloud.google.com/go/gkeconnect v0.7.0 h1:gXYKciHS/Lgq0GJ5Kc9SzPA35NGc3yqu6SkjonpEr2Q=
cloud.google.com/go/gkehub v0.12.0 h1:TqCSPsEBQ6oZSJgEYZ3XT8x2gUadbvfwI32YB0kuHCs=
cloud.google.com/go/gkemulticloud v0.5.0 h1:8I84Q4vl02rJRsFiinBxl7WCozfdLlUVBQuSrqr9Wtk=
cloud.google.com/go/gsuiteaddons v1.5.0 h1:1mvhXqJzV0Vg5Fa95QwckljODJJfDFXV4pn+iL50zzA=
cloud.google.com/go/iam v0.13.0 h1:+CmB+K0J/33d0zSQ9SlFWUeCCEn5XJA0ZMZ3pHE9u8k=
cloud.google.com/go/iap v1.7.1 h1:PxVHFuMxmSZyfntKXHXhd8bo82WJ+LcATenq7HLdVnU=
cloud.google.com/go/ids v1.3.0 h1:fodnCDtOXuMmS8LTC2y3h8t24U8F3eKWfhi+3LY6Qf0=
cloud.google.com/go/iot v1.6.0 h1:39W5BFSarRNZfVG0eXI5LYux+OVQT8GkgpHCnrZL2vM=
cloud.google.com/go/kms v1.10.1 h1:7hm1bRqGCA1GBRQUrp831TwJ9TWhP+tvLuP497CQS2g=
cloud.google.com/go/language v1.9.0 h1:7Ulo2mDk9huBoBi8zCE3ONOoBrL6UXfAI71CLQ9GEIM=
cloud.google.com/go/lifesciences v0.8.0 h1:uWrMjWTsGjLZpCTWEAzYvyXj+7fhiZST45u9AgasasI=
cloud.google.com/go/logging v1.7.0 h1:CJYxlNNNNAMkHp9em/YEXcfJg+rPDg7YfwoRpMU+t5I=
cloud.google.com/go/longrunning v0.4.1 h1:v+yFJOfKC3yZdY6ZUI933pIYdhyhV8S3NpWrXWmg7jM=
cloud.google.com/go/managedidentities v1.5.0 h1:ZRQ4k21/jAhrHBVKl/AY7SjgzeJwG1iZa+mJ82P+VNg=
cloud.google.com/go/maps v0.7.0 h1:mv9YaczD4oZBZkM5XJl6fXQ984IkJNHPwkc8MUsdkBo=
cloud.google.com/go/mediatranslation v0.7.0 h1:anPxH+/WWt8Yc3EdoEJhPMBRF7EhIdz426A+tuoA0OU=
cloud.google.com/go/memcache v1.9.0 h1:8/VEmWCpnETCrBwS3z4MhT+tIdKgR1Z4Tr2tvYH32rg=
cloud.google.com/go/metastore v1.10.0 h1:QCFhZVe2289KDBQ7WxaHV2rAmPrmRAdLC6gbjUd3HPo=
cloud.google.com/go/monitoring v1.13.0 h1:2qsrgXGVoRXpP7otZ14eE1I568zAa92sJSDPyOJvwjM=
cloud.google.com/go/networkconnectivity v1.11.0 h1:ZD6b4Pk1jEtp/cx9nx0ZYcL3BKqDa+KixNDZ6Bjs1B8=
cloud.google.com/go/networkmanagement v1.6.0 h1:8KWEUNGcpSX9WwZXq7FtciuNGPdPdPN/ruDm769yAEM=
cloud.google.com/go/networksecurity v0.8.0 h1:sOc42Ig1K2LiKlzG71GUVloeSJ0J3mffEBYmvu+P0eo=
cloud.google.com/go/notebooks v1.8.0 h1:Kg2K3K7CbSXYJHZ1aGQpf1xi5x2GUvQWf2sFVuiZh8M=
cloud.google.com/go/optimization v1.3.1 h1:dj8O4VOJRB4CUwZXdmwNViH1OtI0WtWL867/lnYH248=
cloud.google.com/go/orchestration v1.6.0 h1:Vw+CEXo8M/FZ1rb4EjcLv0gJqqw89b7+g+C/EmniTb8=
cloud.google.com/go/orgpolicy v1.10.0 h1:XDriMWug7sd0kYT1QKofRpRHzjad0bK8Q8uA9q+XrU4=
cloud.google.com/go/osconfig v1.11.0 h1:PkSQx4OHit5xz2bNyr11KGcaFccL5oqglFPdTboyqwQ=
cloud.google.com/go/oslogin v1.9.0 h1:whP7vhpmc+ufZa90eVpkfbgzJRK/Xomjz+XCD4aGwWw=
cloud.google.com/go/phishingprotection v0.7.0 h1:l6tDkT7qAEV49MNEJkEJTB6vOO/onbSOcNtAT09HPuA=
cloud.google.com/go/policytroubleshooter v1.6.0 h1:yKAGC4p9O61ttZUswaq9GAn1SZnEzTd0vUYXD7ZBT7Y=
cloud.google.com/go/privatecatalog v0.8.0 h1:EPEJ1DpEGXLDnmc7mnCAqFmkwUJbIsaLAiLHVOkkwtc=
cloud.google.com/go/pubsub v1.30.0 h1:vCge8m7aUKBJYOgrZp7EsNDf6QMd2CAlXZqWTn3yq6s=
cloud.google.com/go/pubsublite v1.7.0 h1:cb9fsrtpINtETHiJ3ECeaVzrfIVhcGjhhJEjybHXHao=
cloud.google.com/go/recaptchaenterprise/v2 v2.7.0 h1:6iOCujSNJ0YS7oNymI64hXsjGq60T4FK1zdLugxbzvU=
cloud.google.com/go/recommendationengine v0.7.0 h1:VibRFCwWXrFebEWKHfZAt2kta6pS7Tlimsnms0fjv7k=
cloud.google.com/go/recommender v1.9.0 h1:ZnFRY5R6zOVk2IDS1Jbv5Bw+DExCI5rFumsTnMXiu/A=
cloud.google.com/go/redis v1.11.0 h1:JoAd3SkeDt3rLFAAxEvw6wV4t+8y4ZzfZcZmddqphQ8=
cloud.google.com/go/resourcemanager v1.7.0 h1:NRM0p+RJkaQF9Ee9JMnUV9BQ2QBIOq/v8M+Pbv/wmCs=
cloud.google.com/go/resourcesettings v1.5.0 h1:8Dua37kQt27CCWHm4h/Q1XqCF6ByD7Ouu49xg95qJzI=
cloud.google.com/go/retail v1.12.0 h1:1Dda2OpFNzIb4qWgFZjYlpP7sxX3aLeypKG6A3H4Yys=
cloud.google.com/go/run v0.9.0 h1:ydJQo+k+MShYnBfhaRHSZYeD/SQKZzZLAROyfpeD9zw=
cloud.google.com/go/scheduler v1.9.0 h1:NpQAHtx3sulByTLe2dMwWmah8PWgeoieFPpJpArwFV0=
cloud.google.com/go/secretmanager v1.10.0 h1:pu03bha7ukxF8otyPKTFdDz+rr9sE3YauS5PliDXK60=
cloud.google.com/go/security v1.13.0 h1:PYvDxopRQBfYAXKAuDpFCKBvDOWPWzp9k/H5nB3ud3o=
cloud.google.com/go/securitycenter v1.19.0 h1:AF3c2s3awNTMoBtMX3oCUoOMmGlYxGOeuXSYHNBkf14=
cloud.google.com/go/servicecontrol v1.11.1 h1:d0uV7Qegtfaa7Z2ClDzr9HJmnbJW7jn0WhZ7wOX6hLE=
cloud.google.com/go/servicedirectory v1.9.0 h1:SJwk0XX2e26o25ObYUORXx6torSFiYgsGkWSkZgkoSU=
cloud.google.com/go/servicemanagement v1.8.0 h1:fopAQI/IAzlxnVeiKn/8WiV6zKndjFkvi+gzu+NjywY=
cloud.google.com/go/serviceusage v1.6.0 h1:rXyq+0+RSIm3HFypctp7WoXxIA563rn206CfMWdqXX4=
cloud.google.com/go/shell v1.6.0 h1:wT0Uw7ib7+AgZST9eCDygwTJn4+bHMDtZo5fh7kGWDU=
cloud.google.com/go/spanner v1.45.0 h1:7VdjZ8zj4sHbDw55atp5dfY6kn1j9sam9DRNpPQhqR4=
cloud.google.com/go/speech v1.15.0 h1:JEVoWGNnTF128kNty7T4aG4eqv2z86yiMJPT9Zjp+iw=
cloud.google.com/go/storagetransfer v1.8.0 h1:5T+PM+3ECU3EY2y9Brv0Sf3oka8pKmsCfpQ07+91G9o=
cloud.google.com/go/talent v1.5.0 h1:nI9sVZPjMKiO2q3Uu0KhTDVov3Xrlpt63fghP9XjyEM=
cloud.google.com/go/texttospeech v1.6.0 h1:H4g1ULStsbVtalbZGktyzXzw6jP26RjVGYx9RaYjBzc=
cloud.google.com/go/tpu v1.5.0 h1:/34T6CbSi+kTv5E19Q9zbU/ix8IviInZpzwz3rsFE+A=
cloud.google.com/go/trace v1.9.0 h1:olxC0QHC59zgJVALtgqfD9tGk0lfeCP5/AGXL3Px/no=
cloud.google.com/go/translate v1.7.0 h1:GvLP4oQ4uPdChBmBaUSa/SaZxCdyWELtlAaKzpHsXdA=
cloud.google.com/go/video v1.15.0 h1:upIbnGI0ZgACm58HPjAeBMleW3sl5cT84AbYQ8PWOgM=
cloud.google.com/go/videointelligence v1.10.0 h1:Uh5BdoET8XXqXX2uXIahGb+wTKbLkGH7s4GXR58RrG8=
cloud.google.com/go/vision/v2 v2.7.0 h1:8C8RXUJoflCI4yVdqhTy9tRyygSHmp60aP363z23HKg=
cloud.google.com/go/vmmigration v1.6.0 h1:Azs5WKtfOC8pxvkyrDvt7J0/4DYBch0cVbuFfCCFt5k=
cloud.google.com/go/vmwareengine v0.3.0 h1:b0NBu7S294l0gmtrT0nOJneMYgZapr5x9tVWvgDoVEM=
cloud.google.com/go/vpcaccess v1.6.0 h1:FOe6CuiQD3BhHJWt7E8QlbBcaIzVRddupwJlp7eqmn4=
cloud.google.com/go/webrisk v1.8.0 h1:IY+L2+UwxcVm2zayMAtBhZleecdIFLiC+QJMzgb0kT0=
cloud.google.com/go/websecurityscanner v1.5.0 h1:AHC1xmaNMOZtNqxI9Rmm87IJEyPaRkOxeI0gpAacXGk=
cloud.google.com/go/workflows v1.10.0 h1:FfGp9w0cYnaKZJhUOMqCOJCYT/WlvYBfTQhFWV3sRKI=
github.com/BurntSushi/toml v0.3.1 h1:WXkYYl6Yr3qBf1K79EBnL4mak0OimBfB0XUf9Vl28OQ=
github.com/BurntSushi/toml v0.3.1/go.mod h1:xHWCNGjB5oqiDr8zfno3MHue2Ht5sIBksp03qcyfWMU=
github.com/Knetic/govaluate v3.0.1-0.20171022003610-9aa49832a739+incompatible h1:1G1pk05UrOh0NlF1oeaaix1x8XzrfjIDK47TY0Zehcw=
github.com/Knetic/govaluate v3.0.1-0.20171022003610-9aa49832a739+incompatible/go.mod h1:r7JcOSlj0wfOMncg0iLm8Leh48TZaKVeNIfJntJ2wa0=
github.com/GeertJohan/go.incremental v1.0.0 h1:7AH+pY1XUgQE4Y1HcXYaMqAI0m9yrFqo/jt0CW30vsg=
github.com/GeertJohan/go.incremental v1.0.0/go.mod h1:6fAjUhbVuX1KcMD3c8TEgVUqmo4seqhv0i0kdATSkM0=
github.com/GeertJohan/go.rice v1.0.0 h1:KkI6O9uMaQU3VEKaj01ulavtF7o1fWT7+pk/4voiMLQ=
github.com/GeertJohan/go.rice v1.0.0/go.mod h1:eH6gbSOAUv07dQuZVnBmoDP8mgsM1rtixis4Tib9if0=
github.com/Knetic/govaluate v3.0.1-0.20171022003610-9aa49832a739+incompatible h1:1G1pk05UrOh0NlF1oeaaix1x8XzrfjIDK47TY0Zehcw=
github.com/Knetic/govaluate v3.0.1-0.20171022003610-9aa49832a739+incompatible/go.mod h1:r7JcOSlj0wfOMncg0iLm8Leh48TZaKVeNIfJntJ2wa0=
github.com/akavel/rsrc v0.8.0 h1:zjWn7ukO9Kc5Q62DOJCcxGpXC18RawVtYAGdz2aLlfw=
github.com/akavel/rsrc v0.8.0/go.mod h1:uLoCtb9J+EyAqh+26kdrTgmzRBFPGOolLWKpdxkKq+c=
github.com/benbjohnson/clock v1.1.0 h1:Q92kusRqC1XV2MjkWETPvjJVqKetz1OzxZB7mHJLju8=
github.com/benbjohnson/clock v1.1.0/go.mod h1:J11/hYXuz8f4ySSvYwY0FKfm+ezbsZBKZxNJlLklBHA=
github.com/casbin/casbin v1.9.1 h1:ucjbS5zTrmSLtH4XogqOG920Poe6QatdXtz1FEbApeM=
github.com/casbin/casbin v1.9.1/go.mod h1:z8uPsfBJGUsnkagrt3G8QvjgTKFMBJ32UP8HpZllfog=
github.com/census-instrumentation/opencensus-proto v0.2.1/go.mod h1:f6KPmirojxKA12rnyqOA5BBL4O983OfeGPqjHWSTneU=
github.com/census-instrumentation/opencensus-proto v0.4.1 h1:iKLQ0xPNFxR/2hzXZMrBo8f1j86j5WHzznCCQxV/b8g=
github.com/cespare/xxhash/v2 v2.2.0 h1:DC2CZ1Ep5Y4k3ZQ899DldepgrayRUGE6BBZ/cd9Cj44=
github.com/client9/misspell v0.3.4 h1:ta993UF76GwbvJcIo3Y68y/M3WxlpEHPWIGDkJYwzJI=
github.com/client9/misspell v0.3.4/go.mod h1:qj6jICC3Q7zFZvVWo7KLAzC3yx5G7kyvSDkc90ppPyw=
github.com/cncf/udpa/go v0.0.0-20191209042840-269d4d468f6f/go.mod h1:M8M6+tZqaGXZJjfX53e64911xZQV5JYwmTeXPW+k8Sc=
github.com/cncf/udpa/go v0.0.0-20220112060539-c52dc94e7fbe h1:QQ3GSy+MqSHxm/d8nCtnAiZdYFd45cYZPs8vOOIYKfk=
github.com/cncf/xds/go v0.0.0-20230607035331-e9ce68804cb4 h1:/inchEIKaYC1Akx+H+gqO04wryn5h75LSazbRlnya1k=
github.com/certifi/gocertifi v0.0.0-20180118203423-deb3ae2ef261 h1:6/yVvBsKeAw05IUj4AzvrxaCnDjN4nUqKjW9+w5wixg=
github.com/certifi/gocertifi v0.0.0-20180118203423-deb3ae2ef261/go.mod h1:GJKEexRPVJrBSOjoqN5VNOIKJ5Q3RViH6eu3puDRwx4=
github.com/cespare/xxhash/v2 v2.2.0 h1:DC2CZ1Ep5Y4k3ZQ899DldepgrayRUGE6BBZ/cd9Cj44=
github.com/client9/misspell v0.3.4 h1:ta993UF76GwbvJcIo3Y68y/M3WxlpEHPWIGDkJYwzJI=
github.com/client9/misspell v0.3.4/go.mod h1:qj6jICC3Q7zFZvVWo7KLAzC3yx5G7kyvSDkc90ppPyw=
github.com/cloudflare/backoff v0.0.0-20161212185259-647f3cdfc87a h1:8d1CEOF1xldesKds5tRG3tExBsMOgWYownMHNCsev54=
github.com/cloudflare/backoff v0.0.0-20161212185259-647f3cdfc87a/go.mod h1:rzgs2ZOiguV6/NpiDgADjRLPNyZlApIWxKpkT+X8SdY=
github.com/cloudflare/cfssl v1.4.1 h1:vScfU2DrIUI9VPHBVeeAQ0q5A+9yshO1Gz+3QoUQiKw=
github.com/cloudflare/cfssl v1.4.1/go.mod h1:KManx/OJPb5QY+y0+o/898AMcM128sF0bURvoVUSjTo=
github.com/cloudflare/go-metrics v0.0.0-20151117154305-6a9aea36fb41 h1:/8sZyuGTAU2+fYv0Sz9lBcipqX0b7i4eUl8pSStk/4g=
github.com/cloudflare/go-metrics v0.0.0-20151117154305-6a9aea36fb41/go.mod h1:eaZPlJWD+G9wseg1BuRXlHnjntPMrywMsyxf+LTOdP4=
github.com/cloudflare/redoctober v0.0.0-20171127175943-746a508df14c h1:p0Q1GvgWtVf46XpMMibupKiE7aQxPYUIb+/jLTTK2kM=
github.com/cloudflare/redoctober v0.0.0-20171127175943-746a508df14c/go.mod h1:6Se34jNoqrd8bTxrmJB2Bg2aoZ2CdSXonils9NsiNgo=
github.com/cncf/udpa/go v0.0.0-20191209042840-269d4d468f6f/go.mod h1:M8M6+tZqaGXZJjfX53e64911xZQV5JYwmTeXPW+k8Sc=
github.com/cncf/udpa/go v0.0.0-20220112060539-c52dc94e7fbe h1:QQ3GSy+MqSHxm/d8nCtnAiZdYFd45cYZPs8vOOIYKfk=
github.com/cncf/xds/go v0.0.0-20230607035331-e9ce68804cb4 h1:/inchEIKaYC1Akx+H+gqO04wryn5h75LSazbRlnya1k=
github.com/daaku/go.zipexe v1.0.0 h1:VSOgZtH418pH9L16hC/JrgSNJbbAL26pj7lmD1+CGdY=
github.com/daaku/go.zipexe v1.0.0/go.mod h1:z8IiR6TsVLEYKwXAoE/I+8ys/sDkgTzSL0CLnGVd57E=
github.com/davecgh/go-spew v1.1.0/go.mod h1:J7Y8YcW2NihsgmVo/mv3lAwl/skON4iLHjSsI+c5H38=
github.com/davecgh/go-spew v1.1.1 h1:vj9j/u1bqnvCEfJOwUhtlOARqs3+rkHYY13jYWTU97c=
github.com/davecgh/go-spew v1.1.1/go.mod h1:J7Y8YcW2NihsgmVo/mv3lAwl/skON4iLHjSsI+c5H38=
github.com/envoyproxy/go-control-plane v0.9.0/go.mod h1:YTl/9mNaCwkRvm6d1a2C3ymFceY/DCBVvsKhRF0iEA4=
github.com/envoyproxy/go-control-plane v0.9.1-0.20191026205805-5f8ba28d4473/go.mod h1:YTl/9mNaCwkRvm6d1a2C3ymFceY/DCBVvsKhRF0iEA4=
github.com/envoyproxy/go-control-plane v0.9.4/go.mod h1:6rpuAdCZL397s3pYoYcLgu1mIlRU8Am5FuJP05cCM98=
github.com/envoyproxy/go-control-plane v0.11.1-0.20230524094728-9239064ad72f h1:7T++XKzy4xg7PKy+bM+Sa9/oe1OC88yz2hXQUISoXfA=
github.com/envoyproxy/protoc-gen-validate v0.1.0/go.mod h1:iSmxcyjqTsJpI2R4NaDN7+kN2VEUnK/pcBlmesArF7c=
github.com/envoyproxy/protoc-gen-validate v0.10.1 h1:c0g45+xCJhdgFGw7a5QAfdS4byAbud7miNWJ1WwEVf8=
github.com/go-kit/kit v0.9.0/go.mod h1:xBxKIO96dXMWWy0MnWVtmwkA9/13aqxPnvrjFYMA2as=
github.com/go-kit/log v0.1.0 h1:DGJh0Sm43HbOeYDNnVZFl8BvcYVvjD5bqYJvp0REbwQ=
github.com/go-kit/log v0.1.0/go.mod h1:zbhenjAZHb184qTLMA9ZjW7ThYL0H2mk7Q6pNt4vbaY=
github.com/go-logfmt/logfmt v0.4.0 h1:MP4Eh7ZCb31lleYCFuwm0oe4/YGak+5l1vA2NOE80nA=
github.com/go-logfmt/logfmt v0.4.0/go.mod h1:3RMwSq7FuexP4Kalkev3ejPJsZTpXXBr9+V4qmtdjCk=
github.com/go-logfmt/logfmt v0.5.0 h1:TrB8swr/68K7m9CcGut2g3UOihhbcbiMAYiuTXdEih4=
github.com/go-logfmt/logfmt v0.5.0/go.mod h1:wCYkCAKZfumFQihp8CzCvQ3paCTfi41vtzG1KdI/P7A=
github.com/getsentry/raven-go v0.0.0-20180121060056-563b81fc02b7 h1:ELaJ1cjF2nEJeIlHXahGme22yG7TK+3jB6IGCq0Cdrc=
github.com/getsentry/raven-go v0.0.0-20180121060056-563b81fc02b7/go.mod h1:KungGk8q33+aIAZUIVWZDr2OfAEBsO49PX4NzFV5kcQ=
github.com/go-kit/log v0.1.0 h1:DGJh0Sm43HbOeYDNnVZFl8BvcYVvjD5bqYJvp0REbwQ=
github.com/go-kit/log v0.1.0/go.mod h1:zbhenjAZHb184qTLMA9ZjW7ThYL0H2mk7Q6pNt4vbaY=
github.com/go-logfmt/logfmt v0.5.0 h1:TrB8swr/68K7m9CcGut2g3UOihhbcbiMAYiuTXdEih4=
github.com/go-logfmt/logfmt v0.5.0/go.mod h1:wCYkCAKZfumFQihp8CzCvQ3paCTfi41vtzG1KdI/P7A=
github.com/go-sql-driver/mysql v1.3.0 h1:pgwjLi/dvffoP9aabwkT3AKpXQM93QARkjFhDDqC1UE=
github.com/go-sql-driver/mysql v1.3.0/go.mod h1:zAC/RDZ24gD3HViQzih4MyKcchzm+sOG5ZlKdlhCg5w=
github.com/go-stack/stack v1.8.0 h1:5SgMzNM5HxrEjV0ww2lTmX6E2Izsfxas4+YHWRs3Lsk=
github.com/go-stack/stack v1.8.0/go.mod h1:v0f6uXyyMGvRgIKkXu+yp6POWl0qKG85gN/melR3HDY=
github.com/gogo/protobuf v1.3.2 h1:Ov1cvc58UF3b5XjBnZv7+opcTcQFZebYjWzi34vdm4Q=
github.com/gogo/protobuf v1.3.2/go.mod h1:P1XiOD3dCwIKUDQYPy72D8LYyHL2YPYrpS2s69NZV8Q=
github.com/golang/glog v0.0.0-20160126235308-23def4e6c14b/go.mod h1:SBH7ygxi8pfUlaOkMMuAQtPIUF8ecWP5IEl/CR7VP2Q=
github.com/golang/glog v1.1.0 h1:/d3pCKDPWNnvIWe0vVUpNP32qc8U3PDVxySP/y360qE=
github.com/golang/groupcache v0.0.0-20190702054246-869f871628b6/go.mod h1:cIg4eruTrX1D+g88fzRXU5OdNfaM+9IcxsU14FzY7Hc=
github.com/golang/mock v1.1.1 h1:G5FRp8JnTd7RQH5kemVNlMeyXQAztQ3mOWV95KxsXH8=
github.com/golang/mock v1.1.1/go.mod h1:oTYuIxOrZwtPieC+H1uAHpcLFnEyAGVDL/k47Jfbm0A=
github.com/golang/protobuf v1.2.0/go.mod h1:6lQm79b+lXiMfvg/cZm0SGofjICqVBUtrP5yJMmIC1U=
github.com/golang/protobuf v1.3.1/go.mod h1:6lQm79b+lXiMfvg/cZm0SGofjICqVBUtrP5yJMmIC1U=
github.com/golang/protobuf v1.3.2/go.mod h1:6lQm79b+lXiMfvg/cZm0SGofjICqVBUtrP5yJMmIC1U=
github.com/golang/protobuf v1.3.3/go.mod h1:vzj43D7+SQXF/4pzW/hwtAqwc6iTitCiVSaWz5lYuqw=
github.com/golang/protobuf v1.5.0/go.mod h1:FsONVRAS9T7sI+LIUmWTfcYkHO4aIWwzhcaSAoJOfIk=
github.com/golang/protobuf v1.5.3 h1:KhyjKVUg7Usr/dYsdSqoFveMYd5ko72D+zANwlG1mmg=
github.com/golang/protobuf v1.5.3/go.mod h1:XVQd3VNwM+JqD3oG2Ue2ip4fOMUkwXdXDdiuN0vRsmY=
github.com/google/go-cmp v0.2.0/go.mod h1:oXzfMopK8JAjlY9xF4vHSVASa0yLyX7SntLO5aqRK0M=
github.com/google/go-cmp v0.3.0/go.mod h1:8QqcDgzrUqlUb/G2PQTWiueGozuR1884gddMywk6iLU=
github.com/google/certificate-transparency-go v1.0.21 h1:Yf1aXowfZ2nuboBsg7iYGLmwsOARdV86pfH3g95wXmE=
github.com/google/certificate-transparency-go v1.0.21/go.mod h1:QeJfpSbVSfYc7RgB3gJFj9cbuQMMchQxrWXz8Ruopmg=
github.com/google/go-cmp v0.2.0/go.mod h1:oXzfMopK8JAjlY9xF4vHSVASa0yLyX7SntLO5aqRK0M=
github.com/google/go-cmp v0.5.5/go.mod h1:v8dTdLbMG2kIc/vJvl+f65V22dbkXbowE6jgT/gNBxE=
github.com/google/go-cmp v0.5.9 h1:O2Tfq5qg4qc4AmwVlvv0oLiVAGB7enBSJ2x2DqQFi38=
github.com/google/uuid v1.3.0 h1:t6JiXgmwXMjEs8VusXIJk2BXHsn+wx8BZdTaoZ5fu7I=
github.com/gorilla/mux v1.8.0 h1:i40aqfkR1h2SlN9hojwV5ZA91wcXFOvkdNIeFDP5koI=
github.com/gorilla/mux v1.8.0/go.mod h1:DVbg23sWSpFRCP0SfiEN6jmj59UnW/n46BH5rLB71So=
github.com/grpc-ecosystem/go-grpc-middleware v1.3.0 h1:+9834+KizmvFV7pXQGSXQTsaWhq2GjuNUt0aUU0YBYw=
github.com/grpc-ecosystem/go-grpc-middleware v1.3.0/go.mod h1:z0ButlSOZa5vEBq9m2m2hlwIgKw+rp3sdCBRoJY+30Y=
github.com/grpc-ecosystem/go-grpc-middleware v1.4.0 h1:UH//fgunKIs4JdUbpDl1VZCDaL56wXCB/5+wF6uHfaI=
github.com/grpc-ecosystem/go-grpc-middleware v1.4.0/go.mod h1:g5qyo/la0ALbONm6Vbp88Yd8NsDy6rZz+RcrMPxvld8=
github.com/grpc-ecosystem/go-grpc-middleware v1.4.0 h1:UH//fgunKIs4JdUbpDl1VZCDaL56wXCB/5+wF6uHfaI=
github.com/grpc-ecosystem/go-grpc-middleware v1.4.0/go.mod h1:g5qyo/la0ALbONm6Vbp88Yd8NsDy6rZz+RcrMPxvld8=
github.com/jessevdk/go-flags v1.4.0 h1:4IU2WS7AumrZ/40jfhf4QVDMsQwqA7VEHozFRrGARJA=
github.com/jessevdk/go-flags v1.4.0/go.mod h1:4FA24M0QyGHXBuZZK/XkWh8h0e1EYbRYJSGM75WSRxI=
github.com/jmhodges/clock v0.0.0-20160418191101-880ee4c33548 h1:dYTbLf4m0a5u0KLmPfB6mgxbcV7588bOCx79hxa5Sr4=
github.com/jmhodges/clock v0.0.0-20160418191101-880ee4c33548/go.mod h1:hGT6jSUVzF6no3QaDSMLGLEHtHSBSefs+MgcDWnmhmo=
github.com/jmoiron/sqlx v0.0.0-20180124204410-05cef0741ade h1:ryslCsfLTV4Cm/9NXqCJirlbYodWqFiTH454IaSn/fY=
github.com/jmoiron/sqlx v0.0.0-20180124204410-05cef0741ade/go.mod h1:IiEW3SEiiErVyFdH8NTuWjSifiEQKUoyK3LNqr2kCHU=
github.com/kisielk/errcheck v1.5.0 h1:e8esj/e4R+SAOwFwN+n3zr0nYeCyeweozKfO23MvHzY=
github.com/kisielk/errcheck v1.5.0/go.mod h1:pFxgyoBC7bSaBwPgfKdkLd5X25qrDl4LWUI2bnpBCr8=
github.com/kisielk/gotool v1.0.0 h1:AV2c/EiW3KqPNT9ZKl07ehoAGi4C5/01Cfbblndcapg=
github.com/kisielk/gotool v1.0.0/go.mod h1:XhKaO+MFFWcvkIS/tQcRk01m1F5IRFswLeQ+oQHNcck=
github.com/konsorten/go-windows-terminal-sequences v1.0.1 h1:mweAR1A6xJ3oS2pRaGiHgQ4OO8tzTaLawm8vnODuwDk=
github.com/konsorten/go-windows-terminal-sequences v1.0.1/go.mod h1:T0+1ngSBFLxvqU3pZ+m/2kptfBszLMUkC4ZK/EgS/cQ=
github.com/kr/logfmt v0.0.0-20140226030751-b84e30acd515/go.mod h1:+0opPa2QZZtGFBFZlji/RkVcI2GknAs/DXo4wKdlNEc=
github.com/kisielk/sqlstruct v0.0.0-20150923205031-648daed35d49 h1:o/c0aWEP/m6n61xlYW2QP4t9424qlJOsxugn5Zds2Rg=
github.com/kisielk/sqlstruct v0.0.0-20150923205031-648daed35d49/go.mod h1:yyMNCyc/Ib3bDTKd379tNMpB/7/H5TjM2Y9QJ5THLbE=
github.com/kisom/goutils v1.1.0 h1:z4HEOgAnFq+e1+O4QdVsyDPatJDu5Ei/7w7DRbYjsIA=
github.com/kisom/goutils v1.1.0/go.mod h1:+UBTfd78habUYWFbNWTJNG+jNG/i/lGURakr4A/yNRw=
github.com/konsorten/go-windows-terminal-sequences v1.0.1 h1:mweAR1A6xJ3oS2pRaGiHgQ4OO8tzTaLawm8vnODuwDk=
github.com/konsorten/go-windows-terminal-sequences v1.0.1/go.mod h1:T0+1ngSBFLxvqU3pZ+m/2kptfBszLMUkC4ZK/EgS/cQ=
github.com/kr/pretty v0.1.0/go.mod h1:dAy3ld7l9f0ibDNOQOHHMYYIIbhfbHSm3C4ZsoJORNo=
github.com/kr/pretty v0.2.1 h1:Fmg33tUaq4/8ym9TJN1x7sLJnHVwhP33CNkpYV/7rwI=
github.com/kr/pty v1.1.1 h1:VkoXIwSboBpnk99O/KFauAEILuNHv5DVFKZMBN/gUgw=
github.com/kr/pty v1.1.1/go.mod h1:pFQYn66WHrOpPYNljwOMqo10TkYh1fy3cYio2l3bCsQ=
github.com/kr/text v0.1.0 h1:45sCR5RtlFHMR4UwH9sdQ5TC8v0qDQCHnXt+kaKSTVE=
github.com/kr/text v0.1.0/go.mod h1:4Jbv+DJW3UT/LiOwJeYQe1efqtUx/iVham/4vfdArNI=
github.com/opentracing/opentracing-go v1.1.0 h1:pWlfV3Bxv7k65HYwkikxat0+s3pV4bsqf19k25Ur8rU=
github.com/opentracing/opentracing-go v1.1.0/go.mod h1:UkNAQd3GIcIGf0SeVgPpRdFStlNbqXla1AfSYxPUl2o=
github.com/kylelemons/go-gypsy v0.0.0-20160905020020-08cad365cd28 h1:mkl3tvPHIuPaWsLtmHTybJeoVEW7cbePK73Ir8VtruA=
github.com/kylelemons/go-gypsy v0.0.0-20160905020020-08cad365cd28/go.mod h1:T/T7jsxVqf9k/zYOqbgNAsANsjxTd1Yq3htjDhQ1H0c=
github.com/lib/pq v0.0.0-20180201184707-88edab080323 h1:Ou506ViB5uo2GloKFWIYi5hwRJn4AAOXuLVv8RMY9+4=
github.com/lib/pq v0.0.0-20180201184707-88edab080323/go.mod h1:5WUZQaWbwv1U+lTReE5YruASi9Al49XbQIvNi/34Woo=
github.com/mattn/go-sqlite3 v1.10.0 h1:jbhqpg7tQe4SupckyijYiy0mJJ/pRyHvXf7JdWK860o=
github.com/mattn/go-sqlite3 v1.10.0/go.mod h1:FPy6KqzDD04eiIsT53CuJW3U88zkxoIYsOqkbpncsNc=
github.com/mreiferson/go-httpclient v0.0.0-20160630210159-31f0106b4474 h1:oKIteTqeSpenyTrOVj5zkiyCaflLa8B+CD0324otT+o=
github.com/mreiferson/go-httpclient v0.0.0-20160630210159-31f0106b4474/go.mod h1:OQA4XLvDbMgS8P0CevmM4m9Q3Jq4phKUzcocxuGJ5m8=
github.com/nkovacs/streamquote v0.0.0-20170412213628-49af9bddb229 h1:E2B8qYyeSgv5MXpmzZXRNp8IAQ4vjxIjhpAf5hv/tAg=
github.com/nkovacs/streamquote v0.0.0-20170412213628-49af9bddb229/go.mod h1:0aYXnNPJ8l7uZxf45rWW1a/uME32OF0rhiYGNQ2oF2E=
github.com/op/go-logging v0.0.0-20160315200505-970db520ece7 h1:lDH9UUVJtmYCjyT0CI4q8xvlXPxeZ0gYCVvWbmPlp88=
github.com/op/go-logging v0.0.0-20160315200505-970db520ece7/go.mod h1:HzydrMdWErDVzsI23lYNej1Htcns9BCg93Dk0bBINWk=
github.com/opentracing/opentracing-go v1.1.0 h1:pWlfV3Bxv7k65HYwkikxat0+s3pV4bsqf19k25Ur8rU=
github.com/opentracing/opentracing-go v1.1.0/go.mod h1:UkNAQd3GIcIGf0SeVgPpRdFStlNbqXla1AfSYxPUl2o=
github.com/pkg/errors v0.8.0/go.mod h1:bwawxfHBFNV+L2hUp1rHADufV3IMtnDRdf1r5NINEl0=
github.com/pkg/errors v0.8.1 h1:iURUrRGxPUNPdy5/HRSm+Yj6okJ6UtLINN0Q9M4+h3I=
github.com/pkg/errors v0.8.1/go.mod h1:bwawxfHBFNV+L2hUp1rHADufV3IMtnDRdf1r5NINEl0=
github.com/pmezard/go-difflib v1.0.0 h1:4DBwDE0NGyQoBHbLQYPwSUPoCMWR5BEzIk/f1lZbAQM=
github.com/pmezard/go-difflib v1.0.0/go.mod h1:iKH77koFhYxTK1pcRnkKkqfTogsbg7gZNVY4sRDYZ/4=
github.com/prometheus/client_model v0.0.0-20190812154241-14fe0d1b01d4 h1:gQz4mCbXsO+nc9n1hCxHcGA3Zx3Eo+UHZoInFGUIXNM=
github.com/prometheus/client_model v0.0.0-20190812154241-14fe0d1b01d4/go.mod h1:xMI15A0UPsDsEKsMN9yxemIoYk6Tm2C1GtYGdfGttqA=
github.com/sirupsen/logrus v1.3.0/go.mod h1:LxeOpSwHxABJmUn/MG1IvRgCAasNZTLOkJPxbbu5VWo=
github.com/sirupsen/logrus v1.4.2 h1:SPIRibHv4MatM3XXNO2BJeFLZwZ2LvZgfQ5+UNI2im4=
github.com/sirupsen/logrus v1.4.2/go.mod h1:tLMulIdttU9McNUspp0xgXVQah82FyeX6MwdIuYE2rE=
github.com/stretchr/objx v0.1.0/go.mod h1:HFkY916IF+rwdDfMAkV7OtwuqBVzrE8GR6GFx+wExME=
github.com/stretchr/objx v0.1.1/go.mod h1:HFkY916IF+rwdDfMAkV7OtwuqBVzrE8GR6GFx+wExME=
github.com/stretchr/objx v0.5.0 h1:1zr/of2m5FGMsad5YfcqgdqdWrIhu+EBEJRhR1U7z/c=
github.com/stretchr/testify v1.2.2/go.mod h1:a8OnRcib4nhh0OaRAV+Yts87kKdq0PP7pXfy6kDkUVs=
github.com/stretchr/testify v1.3.0/go.mod h1:M5WIy9Dh21IEIfnGCwXGc5bZfKNJtfHm1UVUgZn+9EI=
github.com/stretchr/testify v1.4.0/go.mod h1:j7eGeouHqKxXV5pUuKE4zz7dFj8WfuZ+81PSLYec5m4=
github.com/stretchr/testify v1.7.0/go.mod h1:6Fq8oRcR53rry900zMqJjRRixrwX3KX962/h/Wwjteg=
github.com/stretchr/testify v1.8.4 h1:CcVxjf3Q8PM0mHUKJCdn+eZZtm5yQwehR5yeSVQQcUk=
github.com/stretchr/testify v1.8.4/go.mod h1:sz/lmYIOXD/1dqDmKjjqLyZ2RngseejIcXlSw2iwfAo=
github.com/tysonmote/gommap v0.0.2 h1:TNTjXaXxiLWuWVTU9BfSb1bAEvfrptf8m5+N3LyTd6Q=
github.com/tysonmote/gommap v0.0.2/go.mod h1:zZKhSp7mLDDzdl8MHbaDEJ3PH9VibPlFXV1t+4wmC00=
github.com/yuin/goldmark v1.1.27/go.mod h1:3hX8gzYuyVAZsxl0MRgGTJEmQBFcNTphYh9decYSb74=
github.com/yuin/goldmark v1.2.1 h1:ruQGxdhGHe7FWOJPT0mKs5+pD2Xs1Bm/kdGlHO04FmM=
github.com/yuin/goldmark v1.2.1/go.mod h1:3hX8gzYuyVAZsxl0MRgGTJEmQBFcNTphYh9decYSb74=
go.opencensus.io v0.22.2 h1:75k/FF0Q2YM8QYo07VPddOLBslDt1MZOdEslOHvmzAs=
go.opencensus.io v0.22.2/go.mod h1:yxeiOL68Rb0Xd1ddK5vPZ/oVn4vY4Ynel7k9FzqtOIw=
go.uber.org/atomic v1.4.0 h1:cxzIVoETapQEqDhQu3QfnvXAV4AlzcvUCxkVUFw3+EU=
go.uber.org/atomic v1.4.0/go.mod h1:gD2HeocX3+yG+ygLZcrzQJaqmWj9AIm7n08wl/qW/PE=
github.com/valyala/bytebufferpool v1.0.0 h1:GqA5TC/0021Y/b9FG4Oi9Mr3q7XYx6KllzawFIhcdPw=
github.com/valyala/bytebufferpool v1.0.0/go.mod h1:6bBcMArwyJ5K/AmCkWv1jt77kVWyCJ6HpOuEn7z0Csc=
github.com/valyala/fasttemplate v1.0.1 h1:tY9CJiPnMXf1ERmG2EyK7gNUd+c6RKGD0IfU8WdUSz8=
github.com/valyala/fasttemplate v1.0.1/go.mod h1:UQGH1tvbgY+Nz5t2n7tXsz52dQxojPUpymEIMZ47gx8=
github.com/weppos/publicsuffix-go v0.4.0/go.mod h1:z3LCPQ38eedDQSwmsSRW4Y7t2L8Ln16JPQ02lHAdn5k=
github.com/weppos/publicsuffix-go v0.5.0 h1:rutRtjBJViU/YjcI5d80t4JAVvDltS6bciJg2K1HrLU=
github.com/weppos/publicsuffix-go v0.5.0/go.mod h1:z3LCPQ38eedDQSwmsSRW4Y7t2L8Ln16JPQ02lHAdn5k=
github.com/yuin/goldmark v1.1.27/go.mod h1:3hX8gzYuyVAZsxl0MRgGTJEmQBFcNTphYh9decYSb74=
github.com/yuin/goldmark v1.2.1 h1:ruQGxdhGHe7FWOJPT0mKs5+pD2Xs1Bm/kdGlHO04FmM=
github.com/yuin/goldmark v1.2.1/go.mod h1:3hX8gzYuyVAZsxl0MRgGTJEmQBFcNTphYh9decYSb74=
github.com/ziutek/mymysql v1.5.4 h1:GB0qdRGsTwQSBVYuVShFBKaXSnSnYYC2d9knnE1LHFs=
github.com/ziutek/mymysql v1.5.4/go.mod h1:LMSpPZ6DbqWFxNCHW77HeMg9I646SAhApZ/wKdgO/C0=
github.com/zmap/rc2 v0.0.0-20131011165748-24b9757f5521 h1:kKCF7VX/wTmdg2ZjEaqlq99Bjsoiz7vH6sFniF/vI4M=
github.com/zmap/rc2 v0.0.0-20131011165748-24b9757f5521/go.mod h1:3YZ9o3WnatTIZhuOtot4IcUfzoKVjUHqu6WALIyI0nE=
github.com/zmap/zcertificate v0.0.0-20180516150559-0e3d58b1bac4 h1:17HHAgFKlLcZsDOjBOUrd5hDihb1ggf+1a5dTbkgkIY=
github.com/zmap/zcertificate v0.0.0-20180516150559-0e3d58b1bac4/go.mod h1:5iU54tB79AMBcySS0R2XIyZBAVmeHranShAFELYx7is=
github.com/zmap/zcrypto v0.0.0-20190729165852-9051775e6a2e h1:mvOa4+/DXStR4ZXOks/UsjeFdn5O5JpLUtzqk9U8xXw=
github.com/zmap/zcrypto v0.0.0-20190729165852-9051775e6a2e/go.mod h1:w7kd3qXHh8FNaczNjslXqvFQiv5mMWRXlL9klTUAHc8=
github.com/zmap/zlint v0.0.0-20190806154020-fd021b4cfbeb h1:vxqkjztXSaPVDc8FQCdHTaejm2x747f6yPbnu1h2xkg=
github.com/zmap/zlint v0.0.0-20190806154020-fd021b4cfbeb/go.mod h1:29UiAJNsiVdvTBFCJW8e3q6dcDbOoPkhMgttOSCIMMY=
go.uber.org/atomic v1.7.0 h1:ADUqmZGgLDDfbSL9ZmPxKTybcoEYHgpYfELNoN+7hsw=
go.uber.org/atomic v1.7.0/go.mod h1:fEN4uk6kAWBTFdckzkM89CLk9XfWZrxpCo0nPH17wJc=
go.uber.org/goleak v1.1.10 h1:z+mqJhf6ss6BSfSM671tgKyZBFPTTJM+HLxnhPC3wu0=
go.uber.org/goleak v1.1.10/go.mod h1:8a7PlsEVH3e/a/GLqe5IIrQx6GzcnRmZEufDUTk4A7A=
go.uber.org/multierr v1.1.0 h1:HoEmRHQPVSqub6w2z2d2EOVs2fjyFRGyofhKuyDq0QI=
go.uber.org/multierr v1.1.0/go.mod h1:wR5kodmAFQ0UK8QlbwjlSNy0Z68gJhDJUG5sjR94q/0=
go.uber.org/multierr v1.6.0 h1:y6IPFStTAIT5Ytl7/XYmHvzXQ7S3g/IeZW9hyZ5thw4=
go.uber.org/multierr v1.6.0/go.mod h1:cdWPpRnG4AhwMwsgIHip0KRBQjJy5kYEpYjJxpXp9iU=
go.uber.org/zap v1.10.0 h1:ORx85nbTijNz8ljznvCMR1ZBIPKFn3jQrag10X2AsuM=
go.uber.org/zap v1.10.0/go.mod h1:vwi/ZaCAaUcBkycHslxD9B2zi4UTXhF60s6SWpuDF0Q=
go.uber.org/zap v1.18.1 h1:CSUJ2mjFszzEWt4CdKISEuChVIXGBn3lAPwkRGyVrc4=
go.uber.org/zap v1.18.1/go.mod h1:xg/QME4nWcxGxrpdeYfq7UvYrLh66cuVKdrbD1XF/NI=
golang.org/x/crypto v0.0.0-20190308221718-c2843e01d9a2/go.mod h1:djNgcEr1/C05ACkg1iLfiJU5Ep61QUkGW8qpdssI0+w=
go.uber.org/multierr v1.6.0 h1:y6IPFStTAIT5Ytl7/XYmHvzXQ7S3g/IeZW9hyZ5thw4=
go.uber.org/multierr v1.6.0/go.mod h1:cdWPpRnG4AhwMwsgIHip0KRBQjJy5kYEpYjJxpXp9iU=
go.uber.org/zap v1.18.1 h1:CSUJ2mjFszzEWt4CdKISEuChVIXGBn3lAPwkRGyVrc4=
go.uber.org/zap v1.18.1/go.mod h1:xg/QME4nWcxGxrpdeYfq7UvYrLh66cuVKdrbD1XF/NI=
golang.org/x/crypto v0.0.0-20180904163835-0709b304e793/go.mod h1:6SG95UA2DQfeDnfUPMdvaQW0Q7yPrPDi9nlGo2tz2b4=
golang.org/x/crypto v0.0.0-20190308221718-c2843e01d9a2/go.mod h1:djNgcEr1/C05ACkg1iLfiJU5Ep61QUkGW8qpdssI0+w=
golang.org/x/crypto v0.0.0-20190701094942-4def268fd1a4/go.mod h1:yigFU9vqHzYiE8UmvKecakEJjdnWj3jj499lnFckfCI=
golang.org/x/crypto v0.0.0-20191011191535-87dc89f01550/go.mod h1:yigFU9vqHzYiE8UmvKecakEJjdnWj3jj499lnFckfCI=
golang.org/x/crypto v0.0.0-20200622213623-75b288015ac9 h1:psW17arqaxU48Z5kZ0CQnkZWQJsqcURM6tKiBApRjXI=
golang.org/x/crypto v0.0.0-20200622213623-75b288015ac9/go.mod h1:LzIPMQfyMNhhGPhUkYOs5KpL4U8rLKemX1yGLhDgUto=
golang.org/x/exp v0.0.0-20190121172915-509febef88a4 h1:c2HOrn5iMezYjSlGPncknSEr/8x5LELb/ilJbXi9DEA=
golang.org/x/exp v0.0.0-20190121172915-509febef88a4/go.mod h1:CJ0aWSM057203Lf6IL+f9T1iT9GByDxfZKAQTCR3kQA=
golang.org/x/lint v0.0.0-20181026193005-c67002cb31c3/go.mod h1:UVdnD1Gm6xHRNCYTkRU2/jEulfH38KcIWyp/GAMgvoE=
golang.org/x/lint v0.0.0-20190227174305-5b3e6a55c961/go.mod h1:wehouNa3lNwaWXcvxsM5YxQ5yQlVC4a0KAMCusXpPoU=
golang.org/x/lint v0.0.0-20190313153728-d0100b6bd8b3 h1:XQyxROzUlZH+WIQwySDgnISgOivlhjIEwaQaJEJrrN0=
golang.org/x/lint v0.0.0-20190313153728-d0100b6bd8b3/go.mod h1:6SW0HCj/g11FgYtHlgUYUwCkIfeOF89ocIRzGO/8vkc=
golang.org/x/lint v0.0.0-20190930215403-16217165b5de h1:5hukYrvBGR8/eNkX5mdUezrA6JiaEZDtJb9Ei+1LlBs=
golang.org/x/lint v0.0.0-20190930215403-16217165b5de/go.mod h1:6SW0HCj/g11FgYtHlgUYUwCkIfeOF89ocIRzGO/8vkc=
golang.org/x/mod v0.2.0/go.mod h1:s0Qsj1ACt9ePp/hMypM3fl4fZqREWJwdYDEqhRiZZUA=
golang.org/x/mod v0.3.0/go.mod h1:s0Qsj1ACt9ePp/hMypM3fl4fZqREWJwdYDEqhRiZZUA=
golang.org/x/mod v0.8.0 h1:LUYupSeNrTNCGzR/hVBk2NHZO4hXcVaW1k4Qx7rjPx8=
golang.org/x/net v0.0.0-20180724234803-3673e40ba225/go.mod h1:mL1N/T3taQHkDXs73rZJwtUhF3w3ftmwwsq0BUmARs4=
golang.org/x/net v0.0.0-20180826012351-8a410e7b638d/go.mod h1:mL1N/T3taQHkDXs73rZJwtUhF3w3ftmwwsq0BUmARs4=
golang.org/x/net v0.0.0-20190213061140-3a22650c66bd/go.mod h1:mL1N/T3taQHkDXs73rZJwtUhF3w3ftmwwsq0BUmARs4=
golang.org/x/net v0.0.0-20190311183353-d8887717615a/go.mod h1:t9HGtf8HONx5eT2rtn7q6eTqICYqUVnKs3thJo3Qplg=
golang.org/x/net v0.0.0-20190404232315-eb5bcb51f2a3/go.mod h1:t9HGtf8HONx5eT2rtn7q6eTqICYqUVnKs3thJo3Qplg=
golang.org/x/net v0.0.0-20190620200207-3b0461eec859/go.mod h1:z5CRVTTTmAJ677TzLLGU+0bjPO0LkuOLi4/5GtJWs/s=
golang.org/x/net v0.0.0-20200226121028-0de0cce0169b/go.mod h1:z5CRVTTTmAJ677TzLLGU+0bjPO0LkuOLi4/5GtJWs/s=
golang.org/x/net v0.0.0-20201021035429-f5854403a974/go.mod h1:sp8m0HH+o8qH0wwXwYZr8TS3Oi6o0r6Gce1SSxlDquU=
golang.org/x/net v0.9.0 h1:aWJ/m6xSmxWBx+V0XRHTlrYrPG56jKsLdTFmsSsCzOM=
golang.org/x/net v0.9.0/go.mod h1:d48xBJpPfHeWQsugry2m+kC02ZBRGRgulfHnEXEuWns=
golang.org/x/oauth2 v0.0.0-20180821212333-d2e6202438be/go.mod h1:N/0e6XlmueqKjAGxoOufVs8QHGRruUQn6yWY3a++T0U=
golang.org/x/oauth2 v0.7.0 h1:qe6s0zUXlPX80/dITx3440hWZ7GwMwgDDyrSGTPJG/g=
golang.org/x/sync v0.0.0-20180314180146-1d60e4601c6f/go.mod h1:RxMgew5VJxzue5/jJTE5uejpjVlOe/izrB70Jof72aM=
golang.org/x/sync v0.0.0-20181108010431-42b317875d0f/go.mod h1:RxMgew5VJxzue5/jJTE5uejpjVlOe/izrB70Jof72aM=
golang.org/x/sync v0.0.0-20190227155943-e225da77a7e6/go.mod h1:RxMgew5VJxzue5/jJTE5uejpjVlOe/izrB70Jof72aM=
golang.org/x/sync v0.0.0-20190423024810-112230192c58/go.mod h1:RxMgew5VJxzue5/jJTE5uejpjVlOe/izrB70Jof72aM=
golang.org/x/sync v0.0.0-20190911185100-cd5d95a43a6e/go.mod h1:RxMgew5VJxzue5/jJTE5uejpjVlOe/izrB70Jof72aM=
golang.org/x/sync v0.0.0-20201020160332-67f06af15bc9 h1:SQFwaSi55rU7vdNs9Yr0Z324VNlrF+0wMqRXT4St8ck=
golang.org/x/sync v0.0.0-20201020160332-67f06af15bc9/go.mod h1:RxMgew5VJxzue5/jJTE5uejpjVlOe/izrB70Jof72aM=
golang.org/x/sys v0.0.0-20180830151530-49385e6e1522/go.mod h1:STP8DvDyc/dI5b8T5hshtkjS+E42TnysNCUPdjciGhY=
golang.org/x/sys v0.0.0-20190215142949-d0b11bdaac8a/go.mod h1:STP8DvDyc/dI5b8T5hshtkjS+E42TnysNCUPdjciGhY=
golang.org/x/sys v0.0.0-20190412213103-97732733099d/go.mod h1:h1NjWce9XRLGQEsW7wpKNCjG9DtNlClVuFLEZdDNbEs=
golang.org/x/sys v0.0.0-20190422165155-953cdadca894/go.mod h1:h1NjWce9XRLGQEsW7wpKNCjG9DtNlClVuFLEZdDNbEs=
golang.org/x/sys v0.0.0-20190502145724-3ef323f4f1fd/go.mod h1:h1NjWce9XRLGQEsW7wpKNCjG9DtNlClVuFLEZdDNbEs=
golang.org/x/sys v0.0.0-20180905080454-ebe1bf3edb33/go.mod h1:STP8DvDyc/dI5b8T5hshtkjS+E42TnysNCUPdjciGhY=
golang.org/x/sys v0.0.0-20190215142949-d0b11bdaac8a/go.mod h1:STP8DvDyc/dI5b8T5hshtkjS+E42TnysNCUPdjciGhY=
golang.org/x/sys v0.0.0-20190412213103-97732733099d/go.mod h1:h1NjWce9XRLGQEsW7wpKNCjG9DtNlClVuFLEZdDNbEs=
golang.org/x/sys v0.0.0-20190422165155-953cdadca894/go.mod h1:h1NjWce9XRLGQEsW7wpKNCjG9DtNlClVuFLEZdDNbEs=
golang.org/x/sys v0.0.0-20200930185726-fdedc70b468f/go.mod h1:h1NjWce9XRLGQEsW7wpKNCjG9DtNlClVuFLEZdDNbEs=
golang.org/x/sys v0.0.0-20211025201205-69cdffdb9359/go.mod h1:oPkhp1MJrh7nUepCBck5+mAzfO9JrbApNNgaTdGDITg=
golang.org/x/sys v0.7.0 h1:3jlCCIQZPdOYu1h8BkNvLz8Kgwtae2cagcG/VamtZRU=
golang.org/x/sys v0.7.0/go.mod h1:oPkhp1MJrh7nUepCBck5+mAzfO9JrbApNNgaTdGDITg=
golang.org/x/term v0.7.0 h1:BEvjmm5fURWqcfbSKTdpkDXYBrUS1c0m8agp14W48vQ=
golang.org/x/text v0.3.0/go.mod h1:NqM8EUOU14njkJ3fqMW+pc6Ldnwhi/IjpwHt7yyuwOQ=
golang.org/x/text v0.3.2/go.mod h1:bEr9sfX3Q8Zfm5fL9x+3itogRgK3+ptLWKqgva+5dAk=
golang.org/x/text v0.3.3/go.mod h1:5Zoc/QRtKVWzQhOtBMvqHzDpF6irO9z98xDceosuGiQ=
golang.org/x/text v0.9.0 h1:2sjJmO8cDvYveuX97RDLsxlyUxLl+GHoLxBiRdHllBE=
golang.org/x/text v0.9.0/go.mod h1:e1OnstbJyHTd6l/uOt8jFFHp6TRDWZR/bV3emEE/zU8=
golang.org/x/tools v0.0.0-20180917221912-90fa682c2a6e/go.mod h1:n7NCudcB/nEzxVGmLbDWY5pfWTLqBcC2KZ6jyYvM4mQ=
golang.org/x/tools v0.0.0-20190114222345-bf090417da8b/go.mod h1:n7NCudcB/nEzxVGmLbDWY5pfWTLqBcC2KZ6jyYvM4mQ=
golang.org/x/tools v0.0.0-20190226205152-f727befe758c/go.mod h1:9Yl7xja0Znq3iFh3HoIrodX9oNMXvdceNzlUR8zjMvY=
golang.org/x/tools v0.0.0-20190311212946-11955173bddd/go.mod h1:LCzVGOaR6xXOjkQ3onu1FJEFr0SW1gC7cKk1uF8kGRs=
golang.org/x/tools v0.0.0-20190524140312-2c0ae7006135/go.mod h1:RgjU9mgBXZiqYHBnxXauZ1Gv1EHHAz9KjViQ78xBX0Q=
golang.org/x/tools v0.0.0-20191108193012-7d206e10da11/go.mod h1:b+2E5dAYhXwXZwtnZ6UAqBI28+e2cm9otk0dWdXHAEo=
golang.org/x/tools v0.0.0-20191119224855-298f0cb1881e/go.mod h1:b+2E5dAYhXwXZwtnZ6UAqBI28+e2cm9otk0dWdXHAEo=
golang.org/x/tools v0.0.0-20200619180055-7c47624df98f/go.mod h1:EkVYQZoAsY45+roYkvgYkIh4xh/qjgUK9TdY2XT94GE=
golang.org/x/tools v0.0.0-20210106214847-113979e3529a/go.mod h1:emZCQorbCU4vsT4fOWvOPXz4eW1wZW4PmDk9uLelYpA=
golang.org/x/tools v0.6.0 h1:BOw41kyTf3PuCW1pVQf8+Cyg8pMlkYB1oo9iJ6D/lKM=
golang.org/x/xerrors v0.0.0-20190717185122-a985d3407aa7/go.mod h1:I/5z698sn9Ka8TeJc9MKroUUfqBBauWjQqLJ2OPfmY0=
golang.org/x/xerrors v0.0.0-20191011141410-1b5146add898/go.mod h1:I/5z698sn9Ka8TeJc9MKroUUfqBBauWjQqLJ2OPfmY0=
golang.org/x/xerrors v0.0.0-20191204190536-9bdfabe68543/go.mod h1:I/5z698sn9Ka8TeJc9MKroUUfqBBauWjQqLJ2OPfmY0=
golang.org/x/xerrors v0.0.0-20200804184101-5ec99f83aff1 h1:go1bK/D/BFZV2I8cIQd1NKEZ+0owSTG1fDTci4IqFcE=
golang.org/x/xerrors v0.0.0-20200804184101-5ec99f83aff1/go.mod h1:I/5z698sn9Ka8TeJc9MKroUUfqBBauWjQqLJ2OPfmY0=
google.golang.org/appengine v1.1.0/go.mod h1:EbEs0AVv82hx2wNQdGPgUI5lhzA/G0D9YwlJXL52JkM=
google.golang.org/appengine v1.4.0/go.mod h1:xpcJRLb0r/rnEns0DIKYYv+WjYCduHsrkT7/EB5XEv4=
google.golang.org/appengine v1.6.7 h1:FZR1q0exgwxzPzp/aF+VccGrSfxfPpkBqjIIEq3ru6c=
google.golang.org/genproto v0.0.0-20180817151627-c66870c02cf8/go.mod h1:JiN7NxoALGmiZfu7CAH4rXhgtRTLTxftemlI0sWmxmc=
google.golang.org/genproto v0.0.0-20190425155659-357c62f0e4bb/go.mod h1:VzzqZJRnGkLBvHegQrXjBqPurQTc5/KpmUdxsrq26oE=
google.golang.org/genproto v0.0.0-20190819201941-24fa4b261c55/go.mod h1:DMBHOl98Agz4BDEuKkezgsaosCRResVns1a3J2ZsMNc=
google.golang.org/genproto v0.0.0-20200423170343-7949de9c1215/go.mod h1:55QSHmfGQM9UVYDPBsyGGes0y52j32PQ3BqQfXhyH3c=
google.golang.org/genproto v0.0.0-20230410155749-daa745c078e1 h1:KpwkzHKEF7B9Zxg18WzOa7djJ+Ha5DzthMyZYQfEn2A=
google.golang.org/genproto v0.0.0-20230410155749-daa745c078e1/go.mod h1:nKE/iIaLqn2bQwXBg8f1g2Ylh6r5MN5CmZvuzZCgsCU=
google.golang.org/grpc v1.19.0/go.mod h1:mqu4LbDTu4XGKhr4mRzUsmM4RtVoemTSY81AxZiDr8c=
google.golang.org/grpc v1.20.1/go.mod h1:10oTOabMzJvdu6/UiuZezV6QK5dSlG84ov/aaiqXj38=
google.golang.org/grpc v1.23.0/go.mod h1:Y5yQAOtifL1yxbo5wqy6BxZv8vAUGQwXBOALyacEbxg=
google.golang.org/grpc v1.25.1/go.mod h1:c3i+UQWmh7LiEpx4sFZnkU36qjEYZ0imhYfXVyQciAY=
google.golang.org/grpc v1.27.0/go.mod h1:qbnxyOmOxrQa7FizSgH+ReBfzJrCY1pSN7KXBS8abTk=
google.golang.org/grpc v1.29.1/go.mod h1:itym6AZVZYACWQqET3MqgPpjcuV5QH3BxFS3IjizoKk=
google.golang.org/grpc v1.56.2 h1:fVRFRnXvU+x6C4IlHZewvJOVHoOv1TUuQyoRsYnB4bI=
google.golang.org/grpc v1.56.2/go.mod h1:I9bI3vqKfayGqPUAwGdOSu7kt6oIJLixfffKrpXqQ9s=
google.golang.org/protobuf v1.26.0-rc.1/go.mod h1:jlhhOSvTdKEhbULTjvd4ARK9grFBp09yW+WbY/TyQbw=
google.golang.org/protobuf v1.26.0/go.mod h1:9q0QmTI4eRPtz6boOQmLYwt+qCgq0jsYwAQnmE0givc=
google.golang.org/protobuf v1.31.0 h1:g0LDEJHgrBl9N9r17Ru3sqWhkIx2NB67okBHPwC7hs8=
google.golang.org/protobuf v1.31.0/go.mod h1:HV8QOd/L58Z+nl8r43ehVNZIU/HEI6OcFqwMG9pJV4I=
gopkg.in/check.v1 v0.0.0-20161208181325-20d25e280405/go.mod h1:Co6ibVJAznAaIkqp8huTwlJQCZ016jof/cbN4VW5Yz0=
gopkg.in/check.v1 v1.0.0-20180628173108-788fd7840127/go.mod h1:Co6ibVJAznAaIkqp8huTwlJQCZ016jof/cbN4VW5Yz0=
gopkg.in/check.v1 v1.0.0-20201130134442-10cb98267c6c h1:Hei/4ADfdWqJk1ZMxUNpqntNwaWcugrBjAiHlqqRiVk=
gopkg.in/yaml.v2 v2.2.2 h1:ZCJp+EgiOT7lHqUV2J862kp8Qj64Jo6az82+3Td9dZw=
gopkg.in/yaml.v2 v2.2.2/go.mod h1:hI93XBmqTisBFMUTm0b8Fm+jr3Dg1NNxqwp+5A1VGuI=
gopkg.in/yaml.v2 v2.2.8 h1:obN1ZagJSUGI0Ek/LBmuj4SNLPfIny3KsKFopxRdj10=
gopkg.in/yaml.v2 v2.2.8/go.mod h1:hI93XBmqTisBFMUTm0b8Fm+jr3Dg1NNxqwp+5A1VGuI=
gopkg.in/yaml.v3 v3.0.0-20200313102051-9f266ea9e77c/go.mod h1:K4uyk7z7BCEPqu6E+C64Yfv1cQ7kz7rIZviUmN+EgEM=
gopkg.in/yaml.v3 v3.0.0-20210107192922-496545a6307b/go.mod h1:K4uyk7z7BCEPqu6E+C64Yfv1cQ7kz7rIZviUmN+EgEM=
gopkg.in/yaml.v3 v3.0.1 h1:fxVm/GzAzEWqLHuvctI91KS9hhNmmWOoWu0XTYJS7CA=
gopkg.in/yaml.v3 v3.0.1/go.mod h1:K4uyk7z7BCEPqu6E+C64Yfv1cQ7kz7rIZviUmN+EgEM=
honnef.co/go/tools v0.0.0-20190102054323-c2f93a96b099/go.mod h1:rf3lG4BRIbNafJWhAfAdb/ePZxsR/4RtNHQocxwk9r4=
honnef.co/go/tools v0.0.0-20190523083050-ea95bdfd59fc h1:/hemPrYIhOhy8zYrNj+069zDB68us2sMGsfkFJO0iZs=
honnef.co/go/tools v0.0.0-20190523083050-ea95bdfd59fc/go.mod h1:rf3lG4BRIbNafJWhAfAdb/ePZxsR/4RtNHQocxwk9r4=
launchpad.net/gocheck v0.0.0-20140225173054-000000000087 h1:Izowp2XBH6Ya6rv+hqbceQyw/gSGoXfH/UPoTGduL54=
